
Microsoft Visual Studio Solution File, Format Version 12.00
# Visual Studio 15
VisualStudioVersion = 15.0.27703.2026
MinimumVisualStudioVersion = 10.0.40219.1
Project("{FAE04EC0-301F-11D3-BF4B-00C04F79EFBC}") = "DurandalJs.StartUpProject", "DurandalJs.StartUpProject\DurandalJs.StartUpProject.csproj", "{88BF69B3-0955-4F73-A95E-E1F0642DE42C}"
EndProject
Project("{FAE04EC0-301F-11D3-BF4B-00C04F79EFBC}") = "DurandalJs.First", "DurandalJs.First\DurandalJs.First.csproj", "{EF7D0C2E-32B7-435C-B9DB-D1DAC3369D39}"
EndProject
Global
	GlobalSection(SolutionConfigurationPlatforms) = preSolution
		Debug|Any CPU = Debug|Any CPU
		Release|Any CPU = Release|Any CPU
	EndGlobalSection
	GlobalSection(ProjectConfigurationPlatforms) = postSolution
		{88BF69B3-0955-4F73-A95E-E1F0642DE42C}.Debug|Any CPU.ActiveCfg = Debug|Any CPU
		{88BF69B3-0955-4F73-A95E-E1F0642DE42C}.Debug|Any CPU.Build.0 = Debug|Any CPU
		{88BF69B3-0955-4F73-A95E-E1F0642DE42C}.Release|Any CPU.ActiveCfg = Release|Any CPU
		{88BF69B3-0955-4F73-A95E-E1F0642DE42C}.Release|Any CPU.Build.0 = Release|Any CPU
		{EF7D0C2E-32B7-435C-B9DB-D1DAC3369D39}.Debug|Any CPU.ActiveCfg = Debug|Any CPU
		{EF7D0C2E-32B7-435C-B9DB-D1DAC3369D39}.Debug|Any CPU.Build.0 = Debug|Any CPU
		{EF7D0C2E-32B7-435C-B9DB-D1DAC3369D39}.Release|Any CPU.ActiveCfg = Release|Any CPU
		{EF7D0C2E-32B7-435C-B9DB-D1DAC3369D39}.Release|Any CPU.Build.0 = Release|Any CPU
	EndGlobalSection
	GlobalSection(SolutionProperties) = preSolution
		HideSolutionNode = FALSE
	EndGlobalSection
	GlobalSection(ExtensibilityGlobals) = postSolution
		SolutionGuid = {2FE4445F-CAAD-4426-ABAE-1866209801C6}
	EndGlobalSection
EndGlobal
